
Microsoft Visual Studio Solution File, Format Version 12.00
# Visual Studio Version 17
VisualStudioVersion = 17.8.34316.72
MinimumVisualStudioVersion = 10.0.40219.1
Project("{FAE04EC0-301F-11D3-BF4B-00C04F79EFBC}") = "CodeFirstNewDatabase", "CodeFirstNewDatabase\CodeFirstNewDatabase.csproj", "{EBE2F5AA-79AA-41C0-AD8E-9F7DCB73646E}"
EndProject
Global
	GlobalSection(SolutionConfigurationPlatforms) = preSolution
		Debug|Any CPU = Debug|Any CPU
		Release|Any CPU = Release|Any CPU
	EndGlobalSection
	GlobalSection(ProjectConfigurationPlatforms) = postSolution
		{EBE2F5AA-79AA-41C0-AD8E-9F7DCB73646E}.Debug|Any CPU.ActiveCfg = Debug|Any CPU
		{EBE2F5AA-79AA-41C0-AD8E-9F7DCB73646E}.Debug|Any CPU.Build.0 = Debug|Any CPU
		{EBE2F5AA-79AA-41C0-AD8E-9F7DCB73646E}.Release|Any CPU.ActiveCfg = Release|Any CPU
		{EBE2F5AA-79AA-41C0-AD8E-9F7DCB73646E}.Release|Any CPU.Build.0 = Release|Any CPU
	EndGlobalSection
	GlobalSection(SolutionProperties) = preSolution
		HideSolutionNode = FALSE
	EndGlobalSection
	GlobalSection(ExtensibilityGlobals) = postSolution
		SolutionGuid = {B473EDA6-07B1-4F2B-8312-FA6E182E70E2}
	EndGlobalSection
EndGlobal
