
Microsoft Visual Studio Solution File, Format Version 12.00
# Visual Studio Version 17
VisualStudioVersion = 17.11.35219.272
MinimumVisualStudioVersion = 10.0.40219.1
Project("{FAE04EC0-301F-11D3-BF4B-00C04F79EFBC}") = "test3", "test3\test3.csproj", "{C0577AAF-0C1A-4E0D-A113-2FB50ED6AC0D}"
EndProject
Global
	GlobalSection(SolutionConfigurationPlatforms) = preSolution
		Debug|Any CPU = Debug|Any CPU
		Release|Any CPU = Release|Any CPU
	EndGlobalSection
	GlobalSection(ProjectConfigurationPlatforms) = postSolution
		{C0577AAF-0C1A-4E0D-A113-2FB50ED6AC0D}.Debug|Any CPU.ActiveCfg = Debug|Any CPU
		{C0577AAF-0C1A-4E0D-A113-2FB50ED6AC0D}.Debug|Any CPU.Build.0 = Debug|Any CPU
		{C0577AAF-0C1A-4E0D-A113-2FB50ED6AC0D}.Release|Any CPU.ActiveCfg = Release|Any CPU
		{C0577AAF-0C1A-4E0D-A113-2FB50ED6AC0D}.Release|Any CPU.Build.0 = Release|Any CPU
	EndGlobalSection
	GlobalSection(SolutionProperties) = preSolution
		HideSolutionNode = FALSE
	EndGlobalSection
	GlobalSection(ExtensibilityGlobals) = postSolution
		SolutionGuid = {CEFA163C-04DE-40FB-9C8D-D0B2501A4415}
	EndGlobalSection
EndGlobal
