
Microsoft Visual Studio Solution File, Format Version 12.00
# Visual Studio Version 17
VisualStudioVersion = 17.11.35219.272
MinimumVisualStudioVersion = 10.0.40219.1
Project("{FAE04EC0-301F-11D3-BF4B-00C04F79EFBC}") = "portofolio", "portofolio\portofolio.csproj", "{E5EE47FA-BA6F-44DF-8917-D5195CB5F1A7}"
EndProject
Global
	GlobalSection(SolutionConfigurationPlatforms) = preSolution
		Debug|Any CPU = Debug|Any CPU
		Release|Any CPU = Release|Any CPU
	EndGlobalSection
	GlobalSection(ProjectConfigurationPlatforms) = postSolution
		{E5EE47FA-BA6F-44DF-8917-D5195CB5F1A7}.Debug|Any CPU.ActiveCfg = Debug|Any CPU
		{E5EE47FA-BA6F-44DF-8917-D5195CB5F1A7}.Debug|Any CPU.Build.0 = Debug|Any CPU
		{E5EE47FA-BA6F-44DF-8917-D5195CB5F1A7}.Release|Any CPU.ActiveCfg = Release|Any CPU
		{E5EE47FA-BA6F-44DF-8917-D5195CB5F1A7}.Release|Any CPU.Build.0 = Release|Any CPU
	EndGlobalSection
	GlobalSection(SolutionProperties) = preSolution
		HideSolutionNode = FALSE
	EndGlobalSection
	GlobalSection(ExtensibilityGlobals) = postSolution
		SolutionGuid = {403AEA9F-AC3C-4F5B-B84B-1268845CD831}
	EndGlobalSection
EndGlobal
