
Microsoft Visual Studio Solution File, Format Version 12.00
# Visual Studio Version 17
VisualStudioVersion = 17.11.35219.272
MinimumVisualStudioVersion = 10.0.40219.1
Project("{FAE04EC0-301F-11D3-BF4B-00C04F79EFBC}") = "BlazorApp-LocalIntreactivity", "BlazorApp-LocalIntreactivity.csproj", "{6C617447-1C6C-49D1-98EB-3F713477B11B}"
EndProject
Global
	GlobalSection(SolutionConfigurationPlatforms) = preSolution
		Debug|Any CPU = Debug|Any CPU
		Release|Any CPU = Release|Any CPU
	EndGlobalSection
	GlobalSection(ProjectConfigurationPlatforms) = postSolution
		{6C617447-1C6C-49D1-98EB-3F713477B11B}.Debug|Any CPU.ActiveCfg = Debug|Any CPU
		{6C617447-1C6C-49D1-98EB-3F713477B11B}.Debug|Any CPU.Build.0 = Debug|Any CPU
		{6C617447-1C6C-49D1-98EB-3F713477B11B}.Release|Any CPU.ActiveCfg = Release|Any CPU
		{6C617447-1C6C-49D1-98EB-3F713477B11B}.Release|Any CPU.Build.0 = Release|Any CPU
	EndGlobalSection
	GlobalSection(SolutionProperties) = preSolution
		HideSolutionNode = FALSE
	EndGlobalSection
	GlobalSection(ExtensibilityGlobals) = postSolution
		SolutionGuid = {980AF330-A555-41BD-BFE4-56C1A32D9918}
	EndGlobalSection
EndGlobal
