
Microsoft Visual Studio Solution File, Format Version 12.00
# Visual Studio Version 17
VisualStudioVersion = 17.8.34316.72
MinimumVisualStudioVersion = 10.0.40219.1
Project("{FAE04EC0-301F-11D3-BF4B-00C04F79EFBC}") = "VidzyProject", "VidzyProject\VidzyProject.csproj", "{249C85CA-C919-4955-9C2D-7B6A3F4D6545}"
EndProject
Global
	GlobalSection(SolutionConfigurationPlatforms) = preSolution
		Debug|Any CPU = Debug|Any CPU
		Release|Any CPU = Release|Any CPU
	EndGlobalSection
	GlobalSection(ProjectConfigurationPlatforms) = postSolution
		{249C85CA-C919-4955-9C2D-7B6A3F4D6545}.Debug|Any CPU.ActiveCfg = Debug|Any CPU
		{249C85CA-C919-4955-9C2D-7B6A3F4D6545}.Debug|Any CPU.Build.0 = Debug|Any CPU
		{249C85CA-C919-4955-9C2D-7B6A3F4D6545}.Release|Any CPU.ActiveCfg = Release|Any CPU
		{249C85CA-C919-4955-9C2D-7B6A3F4D6545}.Release|Any CPU.Build.0 = Release|Any CPU
	EndGlobalSection
	GlobalSection(SolutionProperties) = preSolution
		HideSolutionNode = FALSE
	EndGlobalSection
	GlobalSection(ExtensibilityGlobals) = postSolution
		SolutionGuid = {7C5BA925-692B-4449-8015-C5D9C160D14A}
	EndGlobalSection
EndGlobal
