
Microsoft Visual Studio Solution File, Format Version 12.00
# Visual Studio Version 17
VisualStudioVersion = 17.9.34622.214
MinimumVisualStudioVersion = 10.0.40219.1
Project("{FAE04EC0-301F-11D3-BF4B-00C04F79EFBC}") = "CamLine_Project", "CamLine_Project\CamLine_Project.csproj", "{AFA14EEA-0C4D-4155-B17B-253FEAAD5649}"
EndProject
Global
	GlobalSection(SolutionConfigurationPlatforms) = preSolution
		Debug|Any CPU = Debug|Any CPU
		Release|Any CPU = Release|Any CPU
	EndGlobalSection
	GlobalSection(ProjectConfigurationPlatforms) = postSolution
		{AFA14EEA-0C4D-4155-B17B-253FEAAD5649}.Debug|Any CPU.ActiveCfg = Debug|Any CPU
		{AFA14EEA-0C4D-4155-B17B-253FEAAD5649}.Debug|Any CPU.Build.0 = Debug|Any CPU
		{AFA14EEA-0C4D-4155-B17B-253FEAAD5649}.Release|Any CPU.ActiveCfg = Release|Any CPU
		{AFA14EEA-0C4D-4155-B17B-253FEAAD5649}.Release|Any CPU.Build.0 = Release|Any CPU
	EndGlobalSection
	GlobalSection(SolutionProperties) = preSolution
		HideSolutionNode = FALSE
	EndGlobalSection
	GlobalSection(ExtensibilityGlobals) = postSolution
		SolutionGuid = {936F9D67-0263-44AA-A8DE-519BF7D2ABD2}
	EndGlobalSection
EndGlobal
