
Microsoft Visual Studio Solution File, Format Version 12.00
# Visual Studio Version 17
VisualStudioVersion = 17.8.34316.72
MinimumVisualStudioVersion = 10.0.40219.1
Project("{FAE04EC0-301F-11D3-BF4B-00C04F79EFBC}") = "CodeFirstWithExcistingDatabse", "CodeFirstWithExcistingDatabse\CodeFirstWithExcistingDatabse.csproj", "{22FEC166-16E4-4F6F-ADBD-833F14E152E8}"
EndProject
Global
	GlobalSection(SolutionConfigurationPlatforms) = preSolution
		Debug|Any CPU = Debug|Any CPU
		Release|Any CPU = Release|Any CPU
	EndGlobalSection
	GlobalSection(ProjectConfigurationPlatforms) = postSolution
		{22FEC166-16E4-4F6F-ADBD-833F14E152E8}.Debug|Any CPU.ActiveCfg = Debug|Any CPU
		{22FEC166-16E4-4F6F-ADBD-833F14E152E8}.Debug|Any CPU.Build.0 = Debug|Any CPU
		{22FEC166-16E4-4F6F-ADBD-833F14E152E8}.Release|Any CPU.ActiveCfg = Release|Any CPU
		{22FEC166-16E4-4F6F-ADBD-833F14E152E8}.Release|Any CPU.Build.0 = Release|Any CPU
	EndGlobalSection
	GlobalSection(SolutionProperties) = preSolution
		HideSolutionNode = FALSE
	EndGlobalSection
	GlobalSection(ExtensibilityGlobals) = postSolution
		SolutionGuid = {6CF01A57-31BC-4267-BACF-82DB63BBA49F}
	EndGlobalSection
EndGlobal
